// !$*UTF8*$!
{
	archiveVersion = 1;
	classes = {
	};
	objectVersion = 48;
	objects = {

/* Begin PBXBuildFile section */
		9F1584662053EFAA00AE8A2A /* Range+Utils.swift in Sources */ = {isa = PBXBuildFile; fileRef = 9F1584652053EFA900AE8A2A /* Range+Utils.swift */; };
		9FF4F63B2052DA6A00899C61 /* AppDelegate.swift in Sources */ = {isa = PBXBuildFile; fileRef = 9FF4F63A2052DA6A00899C61 /* AppDelegate.swift */; };
		9FF4F6402052DA6A00899C61 /* Main.storyboard in Resources */ = {isa = PBXBuildFile; fileRef = 9FF4F63E2052DA6A00899C61 /* Main.storyboard */; };
		9FF4F6422052DA6A00899C61 /* Assets.xcassets in Resources */ = {isa = PBXBuildFile; fileRef = 9FF4F6412052DA6A00899C61 /* Assets.xcassets */; };
		9FF4F6452052DA6A00899C61 /* LaunchScreen.storyboard in Resources */ = {isa = PBXBuildFile; fileRef = 9FF4F6432052DA6A00899C61 /* LaunchScreen.storyboard */; };
		9FF4F65E2052E09700899C61 /* UnicodeCharactersRange.swift in Sources */ = {isa = PBXBuildFile; fileRef = 9FF4F65D2052E09700899C61 /* UnicodeCharactersRange.swift */; };
		9FF4F6622052E1B400899C61 /* String+Substring.swift in Sources */ = {isa = PBXBuildFile; fileRef = 9FF4F6612052E1B400899C61 /* String+Substring.swift */; };
		9FF4F6652052E2A000899C61 /* Scalar+Fallback.swift in Sources */ = {isa = PBXBuildFile; fileRef = 9FF4F6642052E2A000899C61 /* Scalar+Fallback.swift */; };
		9FF4F6682052E2B000899C61 /* Fallback.swift in Sources */ = {isa = PBXBuildFile; fileRef = 9FF4F6672052E2B000899C61 /* Fallback.swift */; };
		9FF4F66A2052EBB400899C61 /* String+Fallback.swift in Sources */ = {isa = PBXBuildFile; fileRef = 9FF4F6692052EBB400899C61 /* String+Fallback.swift */; };
		9FF4F66C2052ED8600899C61 /* FallbackTest.swift in Sources */ = {isa = PBXBuildFile; fileRef = 9FF4F66B2052ED8600899C61 /* FallbackTest.swift */; };
		9FF4F66E2052F56C00899C61 /* SubstringTest.swift in Sources */ = {isa = PBXBuildFile; fileRef = 9FF4F66D2052F56C00899C61 /* SubstringTest.swift */; };
/* End PBXBuildFile section */

/* Begin PBXContainerItemProxy section */
		9FF4F64C2052DA6B00899C61 /* PBXContainerItemProxy */ = {
			isa = PBXContainerItemProxy;
			containerPortal = 9FF4F62F2052DA6A00899C61 /* Project object */;
			proxyType = 1;
			remoteGlobalIDString = 9FF4F6362052DA6A00899C61;
			remoteInfo = Example;
		};
/* End PBXContainerItemProxy section */

/* Begin PBXFileReference section */
		9F1584652053EFA900AE8A2A /* Range+Utils.swift */ = {isa = PBXFileReference; lastKnownFileType = sourcecode.swift; path = "Range+Utils.swift"; sourceTree = "<group>"; };
		9FF4F6372052DA6A00899C61 /* Example.app */ = {isa = PBXFileReference; explicitFileType = wrapper.application; includeInIndex = 0; path = Example.app; sourceTree = BUILT_PRODUCTS_DIR; };
		9FF4F63A2052DA6A00899C61 /* AppDelegate.swift */ = {isa = PBXFileReference; lastKnownFileType = sourcecode.swift; path = AppDelegate.swift; sourceTree = "<group>"; };
		9FF4F63F2052DA6A00899C61 /* Base */ = {isa = PBXFileReference; lastKnownFileType = file.storyboard; name = Base; path = Base.lproj/Main.storyboard; sourceTree = "<group>"; };
		9FF4F6412052DA6A00899C61 /* Assets.xcassets */ = {isa = PBXFileReference; lastKnownFileType = folder.assetcatalog; path = Assets.xcassets; sourceTree = "<group>"; };
		9FF4F6442052DA6A00899C61 /* Base */ = {isa = PBXFileReference; lastKnownFileType = file.storyboard; name = Base; path = Base.lproj/LaunchScreen.storyboard; sourceTree = "<group>"; };
		9FF4F6462052DA6A00899C61 /* Info.plist */ = {isa = PBXFileReference; lastKnownFileType = text.plist.xml; path = Info.plist; sourceTree = "<group>"; };
		9FF4F64B2052DA6B00899C61 /* ExampleTests.xctest */ = {isa = PBXFileReference; explicitFileType = wrapper.cfbundle; includeInIndex = 0; path = ExampleTests.xctest; sourceTree = BUILT_PRODUCTS_DIR; };
		9FF4F6512052DA6B00899C61 /* Info.plist */ = {isa = PBXFileReference; lastKnownFileType = text.plist.xml; path = Info.plist; sourceTree = "<group>"; };
		9FF4F65D2052E09700899C61 /* UnicodeCharactersRange.swift */ = {isa = PBXFileReference; lastKnownFileType = sourcecode.swift; path = UnicodeCharactersRange.swift; sourceTree = "<group>"; };
		9FF4F6612052E1B400899C61 /* String+Substring.swift */ = {isa = PBXFileReference; lastKnownFileType = sourcecode.swift; path = "String+Substring.swift"; sourceTree = "<group>"; };
		9FF4F6642052E2A000899C61 /* Scalar+Fallback.swift */ = {isa = PBXFileReference; lastKnownFileType = sourcecode.swift; path = "Scalar+Fallback.swift"; sourceTree = "<group>"; };
		9FF4F6672052E2B000899C61 /* Fallback.swift */ = {isa = PBXFileReference; lastKnownFileType = sourcecode.swift; path = Fallback.swift; sourceTree = "<group>"; };
		9FF4F6692052EBB400899C61 /* String+Fallback.swift */ = {isa = PBXFileReference; lastKnownFileType = sourcecode.swift; path = "String+Fallback.swift"; sourceTree = "<group>"; };
		9FF4F66B2052ED8600899C61 /* FallbackTest.swift */ = {isa = PBXFileReference; lastKnownFileType = sourcecode.swift; path = FallbackTest.swift; sourceTree = "<group>"; };
		9FF4F66D2052F56C00899C61 /* SubstringTest.swift */ = {isa = PBXFileReference; lastKnownFileType = sourcecode.swift; path = SubstringTest.swift; sourceTree = "<group>"; };
/* End PBXFileReference section */

/* Begin PBXFrameworksBuildPhase section */
		9FF4F6342052DA6A00899C61 /* Frameworks */ = {
			isa = PBXFrameworksBuildPhase;
			buildActionMask = 2147483647;
			files = (
			);
			runOnlyForDeploymentPostprocessing = 0;
		};
		9FF4F6482052DA6B00899C61 /* Frameworks */ = {
			isa = PBXFrameworksBuildPhase;
			buildActionMask = 2147483647;
			files = (
			);
			runOnlyForDeploymentPostprocessing = 0;
		};
/* End PBXFrameworksBuildPhase section */

/* Begin PBXGroup section */
		9F1584642053EF9200AE8A2A /* Range */ = {
			isa = PBXGroup;
			children = (
				9F1584652053EFA900AE8A2A /* Range+Utils.swift */,
			);
			path = Range;
			sourceTree = "<group>";
		};
		9FF4F62E2052DA6A00899C61 = {
			isa = PBXGroup;
			children = (
				9FF4F6392052DA6A00899C61 /* Example */,
				9FF4F64E2052DA6B00899C61 /* ExampleTests */,
				9FF4F6382052DA6A00899C61 /* Products */,
			);
			sourceTree = "<group>";
		};
		9FF4F6382052DA6A00899C61 /* Products */ = {
			isa = PBXGroup;
			children = (
				9FF4F6372052DA6A00899C61 /* Example.app */,
				9FF4F64B2052DA6B00899C61 /* ExampleTests.xctest */,
			);
			name = Products;
			sourceTree = "<group>";
		};
		9FF4F6392052DA6A00899C61 /* Example */ = {
			isa = PBXGroup;
			children = (
				9FF4F63A2052DA6A00899C61 /* AppDelegate.swift */,
				9FF4F65B2052DAF400899C61 /* UnicodeScalarParser */,
				9FF4F65A2052DABE00899C61 /* Resources */,
			);
			path = Example;
			sourceTree = "<group>";
		};
		9FF4F64E2052DA6B00899C61 /* ExampleTests */ = {
			isa = PBXGroup;
			children = (
				9FF4F66B2052ED8600899C61 /* FallbackTest.swift */,
				9FF4F66D2052F56C00899C61 /* SubstringTest.swift */,
				9FF4F6512052DA6B00899C61 /* Info.plist */,
			);
			path = ExampleTests;
			sourceTree = "<group>";
		};
		9FF4F65A2052DABE00899C61 /* Resources */ = {
			isa = PBXGroup;
			children = (
				9FF4F63E2052DA6A00899C61 /* Main.storyboard */,
				9FF4F6412052DA6A00899C61 /* Assets.xcassets */,
				9FF4F6432052DA6A00899C61 /* LaunchScreen.storyboard */,
				9FF4F6462052DA6A00899C61 /* Info.plist */,
			);
			path = Resources;
			sourceTree = "<group>";
		};
		9FF4F65B2052DAF400899C61 /* UnicodeScalarParser */ = {
			isa = PBXGroup;
			children = (
				9FF4F6662052E2A500899C61 /* Fallback */,
				9FF4F65F2052E19400899C61 /* Extensions */,
				9FF4F65C2052E07000899C61 /* UnicodeCharsRanges */,
			);
			name = UnicodeScalarParser;
			path = ../../UnicodeScalarParser;
			sourceTree = "<group>";
		};
		9FF4F65C2052E07000899C61 /* UnicodeCharsRanges */ = {
			isa = PBXGroup;
			children = (
				9FF4F65D2052E09700899C61 /* UnicodeCharactersRange.swift */,
			);
			path = UnicodeCharsRanges;
			sourceTree = "<group>";
		};
		9FF4F65F2052E19400899C61 /* Extensions */ = {
			isa = PBXGroup;
			children = (
				9F1584642053EF9200AE8A2A /* Range */,
				9FF4F6632052E28300899C61 /* Scalar */,
				9FF4F6602052E19E00899C61 /* String */,
			);
			path = Extensions;
			sourceTree = "<group>";
		};
		9FF4F6602052E19E00899C61 /* String */ = {
			isa = PBXGroup;
			children = (
				9FF4F6612052E1B400899C61 /* String+Substring.swift */,
				9FF4F6692052EBB400899C61 /* String+Fallback.swift */,
			);
			path = String;
			sourceTree = "<group>";
		};
		9FF4F6632052E28300899C61 /* Scalar */ = {
			isa = PBXGroup;
			children = (
				9FF4F6642052E2A000899C61 /* Scalar+Fallback.swift */,
			);
			path = Scalar;
			sourceTree = "<group>";
		};
		9FF4F6662052E2A500899C61 /* Fallback */ = {
			isa = PBXGroup;
			children = (
				9FF4F6672052E2B000899C61 /* Fallback.swift */,
			);
			path = Fallback;
			sourceTree = "<group>";
		};
/* End PBXGroup section */

/* Begin PBXNativeTarget section */
		9FF4F6362052DA6A00899C61 /* Example */ = {
			isa = PBXNativeTarget;
			buildConfigurationList = 9FF4F6542052DA6B00899C61 /* Build configuration list for PBXNativeTarget "Example" */;
			buildPhases = (
				9FF4F6332052DA6A00899C61 /* Sources */,
				9FF4F6342052DA6A00899C61 /* Frameworks */,
				9FF4F6352052DA6A00899C61 /* Resources */,
			);
			buildRules = (
			);
			dependencies = (
			);
			name = Example;
			productName = Example;
			productReference = 9FF4F6372052DA6A00899C61 /* Example.app */;
			productType = "com.apple.product-type.application";
		};
		9FF4F64A2052DA6B00899C61 /* ExampleTests */ = {
			isa = PBXNativeTarget;
			buildConfigurationList = 9FF4F6572052DA6B00899C61 /* Build configuration list for PBXNativeTarget "ExampleTests" */;
			buildPhases = (
				9FF4F6472052DA6B00899C61 /* Sources */,
				9FF4F6482052DA6B00899C61 /* Frameworks */,
				9FF4F6492052DA6B00899C61 /* Resources */,
			);
			buildRules = (
			);
			dependencies = (
				9FF4F64D2052DA6B00899C61 /* PBXTargetDependency */,
			);
			name = ExampleTests;
			productName = ExampleTests;
			productReference = 9FF4F64B2052DA6B00899C61 /* ExampleTests.xctest */;
			productType = "com.apple.product-type.bundle.unit-test";
		};
/* End PBXNativeTarget section */

/* Begin PBXProject section */
		9FF4F62F2052DA6A00899C61 /* Project object */ = {
			isa = PBXProject;
			attributes = {
				LastSwiftUpdateCheck = 0920;
				LastUpgradeCheck = 0920;
				ORGANIZATIONNAME = "D-E";
				TargetAttributes = {
					9FF4F6362052DA6A00899C61 = {
						CreatedOnToolsVersion = 9.2;
						ProvisioningStyle = Automatic;
					};
					9FF4F64A2052DA6B00899C61 = {
						CreatedOnToolsVersion = 9.2;
						LastSwiftMigration = 0920;
						ProvisioningStyle = Automatic;
						TestTargetID = 9FF4F6362052DA6A00899C61;
					};
				};
			};
			buildConfigurationList = 9FF4F6322052DA6A00899C61 /* Build configuration list for PBXProject "Example" */;
			compatibilityVersion = "Xcode 8.0";
			developmentRegion = en;
			hasScannedForEncodings = 0;
			knownRegions = (
				en,
				Base,
			);
			mainGroup = 9FF4F62E2052DA6A00899C61;
			productRefGroup = 9FF4F6382052DA6A00899C61 /* Products */;
			projectDirPath = "";
			projectRoot = "";
			targets = (
				9FF4F6362052DA6A00899C61 /* Example */,
				9FF4F64A2052DA6B00899C61 /* ExampleTests */,
			);
		};
/* End PBXProject section */

/* Begin PBXResourcesBuildPhase section */
		9FF4F6352052DA6A00899C61 /* Resources */ = {
			isa = PBXResourcesBuildPhase;
			buildActionMask = 2147483647;
			files = (
				9FF4F6452052DA6A00899C61 /* LaunchScreen.storyboard in Resources */,
				9FF4F6422052DA6A00899C61 /* Assets.xcassets in Resources */,
				9FF4F6402052DA6A00899C61 /* Main.storyboard in Resources */,
			);
			runOnlyForDeploymentPostprocessing = 0;
		};
		9FF4F6492052DA6B00899C61 /* Resources */ = {
			isa = PBXResourcesBuildPhase;
			buildActionMask = 2147483647;
			files = (
			);
			runOnlyForDeploymentPostprocessing = 0;
		};
/* End PBXResourcesBuildPhase section */

/* Begin PBXSourcesBuildPhase section */
		9FF4F6332052DA6A00899C61 /* Sources */ = {
			isa = PBXSourcesBuildPhase;
			buildActionMask = 2147483647;
			files = (
				9FF4F63B2052DA6A00899C61 /* AppDelegate.swift in Sources */,
				9FF4F6652052E2A000899C61 /* Scalar+Fallback.swift in Sources */,
				9FF4F6622052E1B400899C61 /* String+Substring.swift in Sources */,
				9FF4F65E2052E09700899C61 /* UnicodeCharactersRange.swift in Sources */,
				9F1584662053EFAA00AE8A2A /* Range+Utils.swift in Sources */,
				9FF4F66A2052EBB400899C61 /* String+Fallback.swift in Sources */,
				9FF4F6682052E2B000899C61 /* Fallback.swift in Sources */,
			);
			runOnlyForDeploymentPostprocessing = 0;
		};
		9FF4F6472052DA6B00899C61 /* Sources */ = {
			isa = PBXSourcesBuildPhase;
			buildActionMask = 2147483647;
			files = (
				9FF4F66C2052ED8600899C61 /* FallbackTest.swift in Sources */,
				9FF4F66E2052F56C00899C61 /* SubstringTest.swift in Sources */,
			);
			runOnlyForDeploymentPostprocessing = 0;
		};
/* End PBXSourcesBuildPhase section */

/* Begin PBXTargetDependency section */
		9FF4F64D2052DA6B00899C61 /* PBXTargetDependency */ = {
			isa = PBXTargetDependency;
			target = 9FF4F6362052DA6A00899C61 /* Example */;
			targetProxy = 9FF4F64C2052DA6B00899C61 /* PBXContainerItemProxy */;
		};
/* End PBXTargetDependency section */

/* Begin PBXVariantGroup section */
		9FF4F63E2052DA6A00899C61 /* Main.storyboard */ = {
			isa = PBXVariantGroup;
			children = (
				9FF4F63F2052DA6A00899C61 /* Base */,
			);
			name = Main.storyboard;
			sourceTree = "<group>";
		};
		9FF4F6432052DA6A00899C61 /* LaunchScreen.storyboard */ = {
			isa = PBXVariantGroup;
			children = (
				9FF4F6442052DA6A00899C61 /* Base */,
			);
			name = LaunchScreen.storyboard;
			sourceTree = "<group>";
		};
/* End PBXVariantGroup section */

/* Begin XCBuildConfiguration section */
		9FF4F6522052DA6B00899C61 /* Debug */ = {
			isa = XCBuildConfiguration;
			buildSettings = {
				ALWAYS_SEARCH_USER_PATHS = NO;
				CLANG_ANALYZER_NONNULL = YES;
				CLANG_ANALYZER_NUMBER_OBJECT_CONVERSION = YES_AGGRESSIVE;
				CLANG_CXX_LANGUAGE_STANDARD = "gnu++14";
				CLANG_CXX_LIBRARY = "libc++";
				CLANG_ENABLE_MODULES = YES;
				CLANG_ENABLE_OBJC_ARC = YES;
				CLANG_WARN_BLOCK_CAPTURE_AUTORELEASING = YES;
				CLANG_WARN_BOOL_CONVERSION = YES;
				CLANG_WARN_COMMA = YES;
				CLANG_WARN_CONSTANT_CONVERSION = YES;
				CLANG_WARN_DIRECT_OBJC_ISA_USAGE = YES_ERROR;
				CLANG_WARN_DOCUMENTATION_COMMENTS = YES;
				CLANG_WARN_EMPTY_BODY = YES;
				CLANG_WARN_ENUM_CONVERSION = YES;
				CLANG_WARN_INFINITE_RECURSION = YES;
				CLANG_WARN_INT_CONVERSION = YES;
				CLANG_WARN_NON_LITERAL_NULL_CONVERSION = YES;
				CLANG_WARN_OBJC_LITERAL_CONVERSION = YES;
				CLANG_WARN_OBJC_ROOT_CLASS = YES_ERROR;
				CLANG_WARN_RANGE_LOOP_ANALYSIS = YES;
				CLANG_WARN_STRICT_PROTOTYPES = YES;
				CLANG_WARN_SUSPICIOUS_MOVE = YES;
				CLANG_WARN_UNGUARDED_AVAILABILITY = YES_AGGRESSIVE;
				CLANG_WARN_UNREACHABLE_CODE = YES;
				CLANG_WARN__DUPLICATE_METHOD_MATCH = YES;
				CODE_SIGN_IDENTITY = "iPhone Developer";
				COPY_PHASE_STRIP = NO;
				DEBUG_INFORMATION_FORMAT = dwarf;
				ENABLE_STRICT_OBJC_MSGSEND = YES;
				ENABLE_TESTABILITY = YES;
				GCC_C_LANGUAGE_STANDARD = gnu11;
				GCC_DYNAMIC_NO_PIC = NO;
				GCC_NO_COMMON_BLOCKS = YES;
				GCC_OPTIMIZATION_LEVEL = 0;
				GCC_PREPROCESSOR_DEFINITIONS = (
					"DEBUG=1",
					"$(inherited)",
				);
				GCC_WARN_64_TO_32_BIT_CONVERSION = YES;
				GCC_WARN_ABOUT_RETURN_TYPE = YES_ERROR;
				GCC_WARN_UNDECLARED_SELECTOR = YES;
				GCC_WARN_UNINITIALIZED_AUTOS = YES_AGGRESSIVE;
				GCC_WARN_UNUSED_FUNCTION = YES;
				GCC_WARN_UNUSED_VARIABLE = YES;
				IPHONEOS_DEPLOYMENT_TARGET = 11.2;
				MTL_ENABLE_DEBUG_INFO = YES;
				ONLY_ACTIVE_ARCH = YES;
				SDKROOT = iphoneos;
				SWIFT_ACTIVE_COMPILATION_CONDITIONS = DEBUG;
				SWIFT_OPTIMIZATION_LEVEL = "-Onone";
			};
			name = Debug;
		};
		9FF4F6532052DA6B00899C61 /* Release */ = {
			isa = XCBuildConfiguration;
			buildSettings = {
				ALWAYS_SEARCH_USER_PATHS = NO;
				CLANG_ANALYZER_NONNULL = YES;
				CLANG_ANALYZER_NUMBER_OBJECT_CONVERSION = YES_AGGRESSIVE;
				CLANG_CXX_LANGUAGE_STANDARD = "gnu++14";
				CLANG_CXX_LIBRARY = "libc++";
				CLANG_ENABLE_MODULES = YES;
				CLANG_ENABLE_OBJC_ARC = YES;
				CLANG_WARN_BLOCK_CAPTURE_AUTORELEASING = YES;
				CLANG_WARN_BOOL_CONVERSION = YES;
				CLANG_WARN_COMMA = YES;
				CLANG_WARN_CONSTANT_CONVERSION = YES;
				CLANG_WARN_DIRECT_OBJC_ISA_USAGE = YES_ERROR;
				CLANG_WARN_DOCUMENTATION_COMMENTS = YES;
				CLANG_WARN_EMPTY_BODY = YES;
				CLANG_WARN_ENUM_CONVERSION = YES;
				CLANG_WARN_INFINITE_RECURSION = YES;
				CLANG_WARN_INT_CONVERSION = YES;
				CLANG_WARN_NON_LITERAL_NULL_CONVERSION = YES;
				CLANG_WARN_OBJC_LITERAL_CONVERSION = YES;
				CLANG_WARN_OBJC_ROOT_CLASS = YES_ERROR;
				CLANG_WARN_RANGE_LOOP_ANALYSIS = YES;
				CLANG_WARN_STRICT_PROTOTYPES = YES;
				CLANG_WARN_SUSPICIOUS_MOVE = YES;
				CLANG_WARN_UNGUARDED_AVAILABILITY = YES_AGGRESSIVE;
				CLANG_WARN_UNREACHABLE_CODE = YES;
				CLANG_WARN__DUPLICATE_METHOD_MATCH = YES;
				CODE_SIGN_IDENTITY = "iPhone Developer";
				COPY_PHASE_STRIP = NO;
				DEBUG_INFORMATION_FORMAT = "dwarf-with-dsym";
				ENABLE_NS_ASSERTIONS = NO;
				ENABLE_STRICT_OBJC_MSGSEND = YES;
				GCC_C_LANGUAGE_STANDARD = gnu11;
				GCC_NO_COMMON_BLOCKS = YES;
				GCC_WARN_64_TO_32_BIT_CONVERSION = YES;
				GCC_WARN_ABOUT_RETURN_TYPE = YES_ERROR;
				GCC_WARN_UNDECLARED_SELECTOR = YES;
				GCC_WARN_UNINITIALIZED_AUTOS = YES_AGGRESSIVE;
				GCC_WARN_UNUSED_FUNCTION = YES;
				GCC_WARN_UNUSED_VARIABLE = YES;
				IPHONEOS_DEPLOYMENT_TARGET = 11.2;
				MTL_ENABLE_DEBUG_INFO = NO;
				SDKROOT = iphoneos;
				SWIFT_OPTIMIZATION_LEVEL = "-Owholemodule";
				VALIDATE_PRODUCT = YES;
			};
			name = Release;
		};
		9FF4F6552052DA6B00899C61 /* Debug */ = {
			isa = XCBuildConfiguration;
			buildSettings = {
				ASSETCATALOG_COMPILER_APPICON_NAME = AppIcon;
				CODE_SIGN_STYLE = Automatic;
				DEVELOPMENT_TEAM = Q3SKDBM9PM;
				INFOPLIST_FILE = Example/Resources/Info.plist;
				LD_RUNPATH_SEARCH_PATHS = "$(inherited) @executable_path/Frameworks";
				PRODUCT_BUNDLE_IDENTIFIER = com.bogodaniele.Example;
				PRODUCT_NAME = "$(TARGET_NAME)";
				SWIFT_VERSION = 4.0;
				TARGETED_DEVICE_FAMILY = "1,2";
			};
			name = Debug;
		};
		9FF4F6562052DA6B00899C61 /* Release */ = {
			isa = XCBuildConfiguration;
			buildSettings = {
				ASSETCATALOG_COMPILER_APPICON_NAME = AppIcon;
				CODE_SIGN_STYLE = Automatic;
				DEVELOPMENT_TEAM = Q3SKDBM9PM;
				INFOPLIST_FILE = Example/Resources/Info.plist;
				LD_RUNPATH_SEARCH_PATHS = "$(inherited) @executable_path/Frameworks";
				PRODUCT_BUNDLE_IDENTIFIER = com.bogodaniele.Example;
				PRODUCT_NAME = "$(TARGET_NAME)";
				SWIFT_VERSION = 4.0;
				TARGETED_DEVICE_FAMILY = "1,2";
			};
			name = Release;
		};
		9FF4F6582052DA6B00899C61 /* Debug */ = {
			isa = XCBuildConfiguration;
			buildSettings = {
				ALWAYS_EMBED_SWIFT_STANDARD_LIBRARIES = YES;
				BUNDLE_LOADER = "$(TEST_HOST)";
				CLANG_ENABLE_MODULES = YES;
				CODE_SIGN_STYLE = Automatic;
				DEVELOPMENT_TEAM = Q3SKDBM9PM;
				INFOPLIST_FILE = ExampleTests/Info.plist;
				LD_RUNPATH_SEARCH_PATHS = "$(inherited) @executable_path/Frameworks @loader_path/Frameworks";
				PRODUCT_BUNDLE_IDENTIFIER = com.bogodaniele.ExampleTests;
				PRODUCT_NAME = "$(TARGET_NAME)";
				SWIFT_OPTIMIZATION_LEVEL = "-Onone";
				SWIFT_VERSION = 4.0;
				TARGETED_DEVICE_FAMILY = "1,2";
				TEST_HOST = "$(BUILT_PRODUCTS_DIR)/Example.app/Example";
			};
			name = Debug;
		};
		9FF4F6592052DA6B00899C61 /* Release */ = {
			isa = XCBuildConfiguration;
			buildSettings = {
				ALWAYS_EMBED_SWIFT_STANDARD_LIBRARIES = YES;
				BUNDLE_LOADER = "$(TEST_HOST)";
				CLANG_ENABLE_MODULES = YES;
				CODE_SIGN_STYLE = Automatic;
				DEVELOPMENT_TEAM = Q3SKDBM9PM;
				INFOPLIST_FILE = ExampleTests/Info.plist;
				LD_RUNPATH_SEARCH_PATHS = "$(inherited) @executable_path/Frameworks @loader_path/Frameworks";
				PRODUCT_BUNDLE_IDENTIFIER = com.bogodaniele.ExampleTests;
				PRODUCT_NAME = "$(TARGET_NAME)";
				SWIFT_VERSION = 4.0;
				TARGETED_DEVICE_FAMILY = "1,2";
				TEST_HOST = "$(BUILT_PRODUCTS_DIR)/Example.app/Example";
			};
			name = Release;
		};
/* End XCBuildConfiguration section */

/* Begin XCConfigurationList section */
		9FF4F6322052DA6A00899C61 /* Build configuration list for PBXProject "Example" */ = {
			isa = XCConfigurationList;
			buildConfigurations = (
				9FF4F6522052DA6B00899C61 /* Debug */,
				9FF4F6532052DA6B00899C61 /* Release */,
			);
			defaultConfigurationIsVisible = 0;
			defaultConfigurationName = Release;
		};
		9FF4F6542052DA6B00899C61 /* Build configuration list for PBXNativeTarget "Example" */ = {
			isa = XCConfigurationList;
			buildConfigurations = (
				9FF4F6552052DA6B00899C61 /* Debug */,
				9FF4F6562052DA6B00899C61 /* Release */,
			);
			defaultConfigurationIsVisible = 0;
			defaultConfigurationName = Release;
		};
		9FF4F6572052DA6B00899C61 /* Build configuration list for PBXNativeTarget "ExampleTests" */ = {
			isa = XCConfigurationList;
			buildConfigurations = (
				9FF4F6582052DA6B00899C61 /* Debug */,
				9FF4F6592052DA6B00899C61 /* Release */,
			);
			defaultConfigurationIsVisible = 0;
			defaultConfigurationName = Release;
		};
/* End XCConfigurationList section */
	};
	rootObject = 9FF4F62F2052DA6A00899C61 /* Project object */;
}
